{
  "requires": true,
  "lockfileVersion": 1,
  "dependencies": {
    "jaro-winkler": {
      "version": "0.2.8",
      "resolved": "http://nexus:8081/nexus/repository/npmjs/jaro-winkler/-/jaro-winkler-0.2.8.tgz",
      "integrity": "sha1-Zyfg0LcJHiQ2+TVt6b+I+tI+U0o="
    },
    "string-similarity": {
      "version": "4.0.3",
      "resolved": "http://nexus:8081/nexus/repository/npmjs/string-similarity/-/string-similarity-4.0.3.tgz",
      "integrity": "sha512-QEwJzNFCqq+5AGImk5z4vbsEPTN/+gtyKfXBVLBcbPBRPNganZGfQnIuf9yJ+GiwSnD65sT8xrw/uwU1Q1WmfQ=="
    }
  }
}
